// !$*UTF8*$!
{
	archiveVersion = 1;
	classes = {
	};
	objectVersion = 56;
	objects = {

/* Begin PBXBuildFile section */
		83B67FAD2B5A4F2D00E3D36F /* KFDManager.swift in Sources */ = {isa = PBXBuildFile; fileRef = 83B67FAC2B5A4F2D00E3D36F /* KFDManager.swift */; };
		83B67FAF2B5A4F4B00E3D36F /* JailbreakDetector.swift in Sources */ = {isa = PBXBuildFile; fileRef = 83B67FAE2B5A4F4B00E3D36F /* JailbreakDetector.swift */; };
		83B67FB12B5A4F5C00E3D36F /* TrollDetector.swift in Sources */ = {isa = PBXBuildFile; fileRef = 83B67FB02B5A4F5C00E3D36F /* TrollDetector.swift */; };
		83B67FB32B5A4F6800E3D36F /* DeviceInfoReader.swift in Sources */ = {isa = PBXBuildFile; fileRef = 83B67FB22B5A4F6800E3D36F /* DeviceInfoReader.swift */; };
		83B67FB52B5A4F7600E3D36F /* ReportGenerator.swift in Sources */ = {isa = PBXBuildFile; fileRef = 83B67FB42B5A4F7600E3D36F /* ReportGenerator.swift */; };
/* End PBXBuildFile section */

/* Begin PBXFileReference section */
		83B67FAC2B5A4F2D00E3D36F /* KFDManager.swift */ = {isa = PBXFileReference; lastKnownFileType = sourcecode.swift; path = DeviceChecker/KFDManager.swift; sourceTree = "<group>"; };
		83B67FAE2B5A4F4B00E3D36F /* JailbreakDetector.swift */ = {isa = PBXFileReference; lastKnownFileType = sourcecode.swift; path = DeviceChecker/JailbreakDetector.swift; sourceTree = "<group>"; };
		83B67FB02B5A4F5C00E3D36F /* TrollDetector.swift */ = {isa = PBXFileReference; lastKnownFileType = sourcecode.swift; path = DeviceChecker/TrollDetector.swift; sourceTree = "<group>"; };
		83B67FB22B5A4F6800E3D36F /* DeviceInfoReader.swift */ = {isa = PBXFileReference; lastKnownFileType = sourcecode.swift; path = DeviceChecker/DeviceInfoReader.swift; sourceTree = "<group>"; };
		83B67FB42B5A4F7600E3D36F /* ReportGenerator.swift */ = {isa = PBXFileReference; lastKnownFileType = sourcecode.swift; path = DeviceChecker/ReportGenerator.swift; sourceTree = "<group>"; };
		83B67FBB2B5A4FA000E3D36F /* libDeviceCheckerDylib.dylib */ = {isa = PBXFileReference; explicitFileType = "compiled.mach-o.dylib"; includeInIndex = 0; path = libDeviceCheckerDylib.dylib; sourceTree = BUILT_PRODUCTS_DIR; };
/* End PBXFileReference section */

/* Begin PBXFrameworksBuildPhase section */
		83B67FBD2B5A4FA200E3D36F /* Frameworks */ = {
			isa = PBXFrameworksBuildPhase;
			buildActionMask = 2147483647;
			files = (
			);
			runOnlyForDeploymentPostprocessing = 0;
		};
/* End PBXFrameworksBuildPhase section */

/* Begin PBXSourcesBuildPhase section */
		83B67FBC2B5A4FA100E3D36F /* Sources */ = {
			isa = PBXSourcesBuildPhase;
			buildActionMask = 2147483647;
			files = (
				83B67FAD2B5A4F2D00E3D36F /* KFDManager.swift in Sources */,
				83B67FAF2B5A4F4B00E3D36F /* JailbreakDetector.swift in Sources */,
				83B67FB12B5A4F5C00E3D36F /* TrollDetector.swift in Sources */,
				83B67FB32B5A4F6800E3D36F /* DeviceInfoReader.swift in Sources */,
				83B67FB52B5A4F7600E3D36F /* ReportGenerator.swift in Sources */,
			);
			runOnlyForDeploymentPostprocessing = 0;
		};
/* End PBXSourcesBuildPhase section */

/* Begin PBXGroup section */
		83B67F9A2B5A4F1A00E3D36F = {
			isa = PBXGroup;
			children = (
				83B67F9B2B5A4F1B00E3D36F /* DeviceChecker */,
				83B67F9C2B5A4F1C00E3D36F /* Products */,
			);
			sourceTree = "<group>";
		};
		83B67F9C2B5A4F1C00E3D36F /* Products */ = {
			isa = PBXGroup;
			children = (
				83B67FBB2B5A4FA000E3D36F /* libDeviceCheckerDylib.dylib */,
			);
			sourceTree = "<group>";
		};
		83B67F9B2B5A4F1B00E3D36F /* DeviceChecker */ = {
			isa = PBXGroup;
			children = (
				83B67FAC2B5A4F2D00E3D36F /* KFDManager.swift */,
				83B67FAE2B5A4F4B00E3D36F /* JailbreakDetector.swift */,
				83B67FB02B5A4F5C00E3D36F /* TrollDetector.swift */,
				83B67FB22B5A4F6800E3D36F /* DeviceInfoReader.swift */,
				83B67FB42B5A4F7600E3D36F /* ReportGenerator.swift */,
			);
			sourceTree = "<group>";
		};
/* End PBXGroup section */

/* Begin PBXNativeTarget section */
		83B67FBA2B5A4F9F00E3D36F /* DeviceCheckerDylib */ = {
			isa = PBXNativeTarget;
			buildConfigurationList = 83B67FBE2B5A4FA300E3D36F /* Build configuration list for PBXNativeTarget "DeviceCheckerDylib" */;
			buildPhases = (
				83B67FBC2B5A4FA100E3D36F /* Sources */,
				83B67FBD2B5A4FA200E3D36F /* Frameworks */,
			);
			buildRules = (
			);
			dependencies = (
			);
			name = DeviceCheckerDylib;
			productName = DeviceCheckerDylib;
			productReference = 83B67FBB2B5A4FA000E3D36F /* libDeviceCheckerDylib.dylib */;
			productType = "com.apple.product-type.library.dynamic";
		};
/* End PBXNativeTarget section */

/* Begin PBXProject section */
		83B67F992B5A4F1900E3D36F = {
			isa = PBXProject;
			attributes = {
				LastSwiftUpdateCheck = 1330;
				LastUpgradeCheck = 1330;
				ORGANIZATIONNAME = "Device Checker";
			};
			buildConfigurationList = 83B67FC12B5A4FA600E3D36F /* Build configuration list for PBXProject */;
			compatibilityVersion = "Xcode 13.3";
			dependencies = (
			);
			developmentRegion = en;
			hasScannedForEncodings = 0;
			knownRegions = (
				en,
				Base,
			);
			mainGroup = 83B67F9A2B5A4F1A00E3D36F;
			productRefGroup = 83B67F9C2B5A4F1C00E3D36F /* Products */;
			projectDirPath = "";
			projectRoot = "";
			targets = (
				83B67FBA2B5A4F9F00E3D36F /* DeviceCheckerDylib */,
			);
		};
/* End PBXProject section */

/* Begin XCBuildConfiguration section */
		83B67FBF2B5A4FA400E3D36F /* Debug */ = {
			isa = XCBuildConfiguration;
			buildSettings = {
				ALWAYS_SEARCH_USER_PATHS = NO;
				CLANG_ANALYZER_NONNULL = YES;
				CLANG_ANALYZER_NUMBER_OBJECT_CONVERSION = YES_AGGRESSIVE;
				CLANG_CXX_LANGUAGE_STANDARD = "gnu++20";
				CLANG_ENABLE_MODULES = YES;
				CLANG_ENABLE_OBJC_ARC = YES;
				CLANG_ENABLE_OBJC_WEAK = YES;
				CLANG_WARN_BLOCK_CAPTURE_AUTORELEASING = YES;
				CLANG_WARN_BOOL_CONVERSION = YES;
				CLANG_WARN_COMMA = YES;
				CLANG_WARN_CONSTANT_CONVERSION = YES;
				CLANG_WARN_DEPRECATED_OBJC_IMPLEMENTATIONS = YES;
				CLANG_WARN_DIRECT_OBJC_ISA_USAGE = YES_ERROR;
				CLANG_WARN_DOCUMENTATION_COMMENTS = YES;
				CLANG_WARN_EMPTY_BODY = YES;
				CLANG_WARN_ENUM_CONVERSION = YES;
				CLANG_WARN_INFINITE_RECURSION = YES;
				CLANG_WARN_INT_CONVERSION = YES;
				CLANG_WARN_NON_LITERAL_NULL_CONVERSION = YES;
				CLANG_WARN_OBJC_IMPLICIT_RETAIN_SELF = YES;
				CLANG_WARN_OBJC_LITERAL_CONVERSION = YES;
				CLANG_WARN_OBJC_ROOT_CLASS = YES_ERROR;
				CLANG_WARN_QUOTED_INCLUDE_IN_FRAMEWORK_HEADER = YES;
				CLANG_WARN_RANGE_LOOP_ANALYSIS = YES;
				CLANG_WARN_STRICT_PROTOTYPES = YES;
				CLANG_WARN_SUSPICIOUS_MOVE = YES;
				CLANG_WARN_UNGUARDED_AVAILABILITY = YES_AGGRESSIVE;
				CLANG_WARN_UNREACHABLE_CODE = YES;
				CLANG_WARN__DUPLICATE_METHOD_MATCH = YES;
				COPY_PHASE_STRIP = NO;
				DEBUG_INFORMATION_FORMAT = dwarf;
				ENABLE_STRICT_OBJC_MSGSEND = YES;
				GCC_C_LANGUAGE_STANDARD = gnu11;
				GCC_NO_COMMON_BLOCKS = YES;
				GCC_WARN_64_TO_32_BIT_CONVERSION = YES;
				GCC_WARN_ABOUT_RETURN_TYPE = YES_ERROR;
				GCC_WARN_UNDECLARED_SELECTOR = YES;
				GCC_WARN_UNINITIALIZED_AUTOS = YES_AGGRESSIVE;
				GCC_WARN_UNUSED_FUNCTION = YES;
				GCC_WARN_UNUSED_VARIABLE = YES;
				IOS_DEPLOYMENT_TARGET = 14.0;
				MTL_ENABLE_DEBUG_INFO = INCLUDE_SOURCE;
				MTL_FAST_MATH = YES;
				SDKROOT = iphoneos;
				SWIFT_ACTIVE_COMPILATION_CONDITIONS = DEBUG;
				SWIFT_OPTIMIZATION_LEVEL = "-Onone";
				SWIFT_VERSION = 5.0;
				MODULE_NAME = "DeviceCheckerDylib";
				PRODUCT_MODULE_NAME = "DeviceCheckerDylib";
				CODE_SIGN_STYLE = Automatic;
				CODE_SIGN_IDENTITY = "iPhone Developer";
				DEVELOPMENT_TEAM = "";
				CODE_SIGNING_REQUIRED = NO;
				CODE_SIGNING_ALLOWED = NO;
			};
			name = Debug;
		};
		83B67FC02B5A4FA500E3D36F /* Release */ = {
			isa = XCBuildConfiguration;
			buildSettings = {
				ALWAYS_SEARCH_USER_PATHS = NO;
				CLANG_ANALYZER_NONNULL = YES;
				CLANG_ANALYZER_NUMBER_OBJECT_CONVERSION = YES_AGGRESSIVE;
				CLANG_CXX_LANGUAGE_STANDARD = "gnu++20";
				CLANG_ENABLE_MODULES = YES;
				CLANG_ENABLE_OBJC_ARC = YES;
				CLANG_ENABLE_OBJC_WEAK = YES;
				CLANG_WARN_BLOCK_CAPTURE_AUTORELEASING = YES;
				CLANG_WARN_BOOL_CONVERSION = YES;
				CLANG_WARN_COMMA = YES;
				CLANG_WARN_CONSTANT_CONVERSION = YES;
				CLANG_WARN_DEPRECATED_OBJC_IMPLEMENTATIONS = YES;
				CLANG_WARN_DIRECT_OBJC_ISA_USAGE = YES_ERROR;
				CLANG_WARN_DOCUMENTATION_COMMENTS = YES;
				CLANG_WARN_EMPTY_BODY = YES;
				CLANG_WARN_ENUM_CONVERSION = YES;
				CLANG_WARN_INFINITE_RECURSION = YES;
				CLANG_WARN_INT_CONVERSION = YES;
				CLANG_WARN_NON_LITERAL_NULL_CONVERSION = YES;
				CLANG_WARN_OBJC_IMPLICIT_RETAIN_SELF = YES;
				CLANG_WARN_OBJC_LITERAL_CONVERSION = YES;
				CLANG_WARN_OBJC_ROOT_CLASS = YES_ERROR;
				CLANG_WARN_QUOTED_INCLUDE_IN_FRAMEWORK_HEADER = YES;
				CLANG_WARN_RANGE_LOOP_ANALYSIS = YES;
				CLANG_WARN_STRICT_PROTOTYPES = YES;
				CLANG_WARN_SUSPICIOUS_MOVE = YES;
				CLANG_WARN_UNGUARDED_AVAILABILITY = YES_AGGRESSIVE;
				CLANG_WARN_UNREACHABLE_CODE = YES;
				CLANG_WARN__DUPLICATE_METHOD_MATCH = YES;
				COPY_PHASE_STRIP = NO;
				DEBUG_INFORMATION_FORMAT = "dwarf-with-dsym";
				ENABLE_NS_ASSERTIONS = NO;
				ENABLE_STRICT_OBJC_MSGSEND = YES;
				GCC_C_LANGUAGE_STANDARD = gnu11;
				GCC_NO_COMMON_BLOCKS = YES;
				GCC_WARN_64_TO_32_BIT_CONVERSION = YES;
				GCC_WARN_ABOUT_RETURN_TYPE = YES_ERROR;
				GCC_WARN_UNDECLARED_SELECTOR = YES;
				GCC_WARN_UNINITIALIZED_AUTOS = YES_AGGRESSIVE;
				GCC_WARN_UNUSED_FUNCTION = YES;
				GCC_WARN_UNUSED_VARIABLE = YES;
				IOS_DEPLOYMENT_TARGET = 14.0;
				MTL_ENABLE_DEBUG_INFO = NO;
				MTL_FAST_MATH = YES;
				SDKROOT = iphoneos;
				SWIFT_COMPILATION_MODE = wholemodule;
				SWIFT_OPTIMIZATION_LEVEL = "-O";
				SWIFT_VERSION = 5.0;
				MODULE_NAME = "DeviceCheckerDylib";
				PRODUCT_MODULE_NAME = "DeviceCheckerDylib";
				CODE_SIGN_STYLE = Automatic;
				CODE_SIGN_IDENTITY = "iPhone Developer";
				DEVELOPMENT_TEAM = "";
				CODE_SIGNING_REQUIRED = NO;
				CODE_SIGNING_ALLOWED = NO;
			};
			name = Release;
		};
/* End XCBuildConfiguration section */

/* Begin XCConfigurationList section */
		83B67FC12B5A4FA600E3D36F /* Build configuration list for PBXProject */ = {
			isa = XCConfigurationList;
			buildConfigurations = (
				83B67FBF2B5A4FA400E3D36F /* Debug */,
				83B67FC02B5A4FA500E3D36F /* Release */,
			);
			defaultConfigurationIsVisible = 0;
			defaultConfigurationName = Release;
		};
		83B67FBE2B5A4FA300E3D36F /* Build configuration list for PBXNativeTarget "DeviceCheckerDylib" */ = {
			isa = XCConfigurationList;
			buildConfigurations = (
				83B67FBF2B5A4FA400E3D36F /* Debug */,
				83B67FC02B5A4FA500E3D36F /* Release */,
			);
			defaultConfigurationIsVisible = 0;
			defaultConfigurationName = Release;
		};
/* End XCConfigurationList section */
	};
	rootObject = 83B67F992B5A4F1900E3D36F;
}